
Microsoft Visual Studio Solution File, Format Version 12.00
# Visual Studio 15
VisualStudioVersion = 15.0.28307.136
MinimumVisualStudioVersion = 10.0.40219.1
Project("{9A19103F-16F7-4668-BE54-9A1E7A4F7556}") = "Calendar.API", "Calendar.API\Calendar.API.csproj", "{A2EAC96E-CB67-4851-82E3-2AE305E74512}"
EndProject
Project("{9A19103F-16F7-4668-BE54-9A1E7A4F7556}") = "Calendar.API.Core", "Calendar.API.Core\Calendar.API.Core.csproj", "{E4DCD3FA-A73D-43FE-82DD-813FFBED5C36}"
EndProject
Project("{FAE04EC0-301F-11D3-BF4B-00C04F79EFBC}") = "Calendar.API.Test", "Calendar.API.Test\Calendar.API.Test.csproj", "{D4641C47-A612-4A89-ABA4-42695BDDDD57}"
EndProject
Global
	GlobalSection(SolutionConfigurationPlatforms) = preSolution
		Debug|Any CPU = Debug|Any CPU
		Release|Any CPU = Release|Any CPU
	EndGlobalSection
	GlobalSection(ProjectConfigurationPlatforms) = postSolution
		{A2EAC96E-CB67-4851-82E3-2AE305E74512}.Debug|Any CPU.ActiveCfg = Debug|Any CPU
		{A2EAC96E-CB67-4851-82E3-2AE305E74512}.Debug|Any CPU.Build.0 = Debug|Any CPU
		{A2EAC96E-CB67-4851-82E3-2AE305E74512}.Release|Any CPU.ActiveCfg = Release|Any CPU
		{A2EAC96E-CB67-4851-82E3-2AE305E74512}.Release|Any CPU.Build.0 = Release|Any CPU
		{E4DCD3FA-A73D-43FE-82DD-813FFBED5C36}.Debug|Any CPU.ActiveCfg = Debug|Any CPU
		{E4DCD3FA-A73D-43FE-82DD-813FFBED5C36}.Debug|Any CPU.Build.0 = Debug|Any CPU
		{E4DCD3FA-A73D-43FE-82DD-813FFBED5C36}.Release|Any CPU.ActiveCfg = Release|Any CPU
		{E4DCD3FA-A73D-43FE-82DD-813FFBED5C36}.Release|Any CPU.Build.0 = Release|Any CPU
		{D4641C47-A612-4A89-ABA4-42695BDDDD57}.Debug|Any CPU.ActiveCfg = Debug|Any CPU
		{D4641C47-A612-4A89-ABA4-42695BDDDD57}.Debug|Any CPU.Build.0 = Debug|Any CPU
		{D4641C47-A612-4A89-ABA4-42695BDDDD57}.Release|Any CPU.ActiveCfg = Release|Any CPU
		{D4641C47-A612-4A89-ABA4-42695BDDDD57}.Release|Any CPU.Build.0 = Release|Any CPU
	EndGlobalSection
	GlobalSection(SolutionProperties) = preSolution
		HideSolutionNode = FALSE
	EndGlobalSection
	GlobalSection(ExtensibilityGlobals) = postSolution
		SolutionGuid = {6F44B3E3-833C-4F25-8DF9-F9311BDB1ABE}
	EndGlobalSection
EndGlobal
